
Microsoft Visual Studio Solution File, Format Version 12.00
# Visual Studio Version 16
VisualStudioVersion = 16.0.31727.386
MinimumVisualStudioVersion = 10.0.40219.1
Project("{FAE04EC0-301F-11D3-BF4B-00C04F79EFBC}") = "TDOtest", "TDOtest\TDOtest.csproj", "{25B9EEC6-333F-4BB9-905F-6DDB08FCBE09}"
EndProject
Global
	GlobalSection(SolutionConfigurationPlatforms) = preSolution
		Debug|Any CPU = Debug|Any CPU
		Release|Any CPU = Release|Any CPU
	EndGlobalSection
	GlobalSection(ProjectConfigurationPlatforms) = postSolution
		{25B9EEC6-333F-4BB9-905F-6DDB08FCBE09}.Debug|Any CPU.ActiveCfg = Debug|Any CPU
		{25B9EEC6-333F-4BB9-905F-6DDB08FCBE09}.Debug|Any CPU.Build.0 = Debug|Any CPU
		{25B9EEC6-333F-4BB9-905F-6DDB08FCBE09}.Release|Any CPU.ActiveCfg = Release|Any CPU
		{25B9EEC6-333F-4BB9-905F-6DDB08FCBE09}.Release|Any CPU.Build.0 = Release|Any CPU
	EndGlobalSection
	GlobalSection(SolutionProperties) = preSolution
		HideSolutionNode = FALSE
	EndGlobalSection
	GlobalSection(ExtensibilityGlobals) = postSolution
		SolutionGuid = {ABBC667F-D797-46C5-A7E3-2967FCB29836}
	EndGlobalSection
EndGlobal
